
Microsoft Visual Studio Solution File, Format Version 12.00
# Visual Studio Version 17
VisualStudioVersion = 17.8.34601.278
MinimumVisualStudioVersion = 10.0.40219.1
Project("{9A19103F-16F7-4668-BE54-9A1E7A4F7556}") = "ConstellationOfDelicacies.Web", "ConstellationOfDelicacies.Web\ConstellationOfDelicacies.Web.csproj", "{3086EE38-FE35-4199-8BBA-23B0B4F2CAF9}"
EndProject
Project("{9A19103F-16F7-4668-BE54-9A1E7A4F7556}") = "ConstellationOfDelicacies.Bll", "ConstellationOfDelicacies.Bll\ConstellationOfDelicacies.Bll.csproj", "{86B7E354-0214-4D10-B9C8-72FE4268F6B1}"
EndProject
Project("{9A19103F-16F7-4668-BE54-9A1E7A4F7556}") = "ConstellationOfDelicacies.Dal", "ConstellationOfDelicacies.Dal\ConstellationOfDelicacies.Dal.csproj", "{FCBCDE27-A1DF-4A39-B40A-19407A277EB1}"
EndProject
Project("{FAE04EC0-301F-11D3-BF4B-00C04F79EFBC}") = "Test", "Test\Test.csproj", "{7E7F3AAE-525E-4917-A6D0-9E9C6077729F}"
	ProjectSection(ProjectDependencies) = postProject
		{86B7E354-0214-4D10-B9C8-72FE4268F6B1} = {86B7E354-0214-4D10-B9C8-72FE4268F6B1}
		{FCBCDE27-A1DF-4A39-B40A-19407A277EB1} = {FCBCDE27-A1DF-4A39-B40A-19407A277EB1}
	EndProjectSection
EndProject
Global
	GlobalSection(SolutionConfigurationPlatforms) = preSolution
		Debug|Any CPU = Debug|Any CPU
		Release|Any CPU = Release|Any CPU
	EndGlobalSection
	GlobalSection(ProjectConfigurationPlatforms) = postSolution
		{3086EE38-FE35-4199-8BBA-23B0B4F2CAF9}.Debug|Any CPU.ActiveCfg = Debug|Any CPU
		{3086EE38-FE35-4199-8BBA-23B0B4F2CAF9}.Debug|Any CPU.Build.0 = Debug|Any CPU
		{3086EE38-FE35-4199-8BBA-23B0B4F2CAF9}.Release|Any CPU.ActiveCfg = Release|Any CPU
		{3086EE38-FE35-4199-8BBA-23B0B4F2CAF9}.Release|Any CPU.Build.0 = Release|Any CPU
		{86B7E354-0214-4D10-B9C8-72FE4268F6B1}.Debug|Any CPU.ActiveCfg = Debug|Any CPU
		{86B7E354-0214-4D10-B9C8-72FE4268F6B1}.Debug|Any CPU.Build.0 = Debug|Any CPU
		{86B7E354-0214-4D10-B9C8-72FE4268F6B1}.Release|Any CPU.ActiveCfg = Release|Any CPU
		{86B7E354-0214-4D10-B9C8-72FE4268F6B1}.Release|Any CPU.Build.0 = Release|Any CPU
		{FCBCDE27-A1DF-4A39-B40A-19407A277EB1}.Debug|Any CPU.ActiveCfg = Debug|Any CPU
		{FCBCDE27-A1DF-4A39-B40A-19407A277EB1}.Debug|Any CPU.Build.0 = Debug|Any CPU
		{FCBCDE27-A1DF-4A39-B40A-19407A277EB1}.Release|Any CPU.ActiveCfg = Release|Any CPU
		{FCBCDE27-A1DF-4A39-B40A-19407A277EB1}.Release|Any CPU.Build.0 = Release|Any CPU
		{7E7F3AAE-525E-4917-A6D0-9E9C6077729F}.Debug|Any CPU.ActiveCfg = Debug|Any CPU
		{7E7F3AAE-525E-4917-A6D0-9E9C6077729F}.Debug|Any CPU.Build.0 = Debug|Any CPU
		{7E7F3AAE-525E-4917-A6D0-9E9C6077729F}.Release|Any CPU.ActiveCfg = Release|Any CPU
		{7E7F3AAE-525E-4917-A6D0-9E9C6077729F}.Release|Any CPU.Build.0 = Release|Any CPU
	EndGlobalSection
	GlobalSection(SolutionProperties) = preSolution
		HideSolutionNode = FALSE
	EndGlobalSection
	GlobalSection(ExtensibilityGlobals) = postSolution
		SolutionGuid = {DC9399AB-F649-4688-A817-95941CC41462}
	EndGlobalSection
EndGlobal
